
Microsoft Visual Studio Solution File, Format Version 12.00
# Visual Studio Version 16
VisualStudioVersion = 16.0.30907.101
MinimumVisualStudioVersion = 10.0.40219.1
Project("{FAE04EC0-301F-11D3-BF4B-00C04F79EFBC}") = "BoxingUnboxing", "BoxingUnboxing\BoxingUnboxing.csproj", "{14CC95BE-B3C4-435C-9B72-C6C6AB7C6F4E}"
EndProject
Global
	GlobalSection(SolutionConfigurationPlatforms) = preSolution
		Debug|Any CPU = Debug|Any CPU
		Release|Any CPU = Release|Any CPU
	EndGlobalSection
	GlobalSection(ProjectConfigurationPlatforms) = postSolution
		{14CC95BE-B3C4-435C-9B72-C6C6AB7C6F4E}.Debug|Any CPU.ActiveCfg = Debug|Any CPU
		{14CC95BE-B3C4-435C-9B72-C6C6AB7C6F4E}.Debug|Any CPU.Build.0 = Debug|Any CPU
		{14CC95BE-B3C4-435C-9B72-C6C6AB7C6F4E}.Release|Any CPU.ActiveCfg = Release|Any CPU
		{14CC95BE-B3C4-435C-9B72-C6C6AB7C6F4E}.Release|Any CPU.Build.0 = Release|Any CPU
	EndGlobalSection
	GlobalSection(SolutionProperties) = preSolution
		HideSolutionNode = FALSE
	EndGlobalSection
	GlobalSection(ExtensibilityGlobals) = postSolution
		SolutionGuid = {1B1DF394-5C9A-48CE-BD32-B237D4A7090C}
	EndGlobalSection
EndGlobal
