
Microsoft Visual Studio Solution File, Format Version 12.00
# Visual Studio Version 16
VisualStudioVersion = 16.0.30907.101
MinimumVisualStudioVersion = 10.0.40219.1
Project("{FAE04EC0-301F-11D3-BF4B-00C04F79EFBC}") = "TextSummaries", "TextSummaries\TextSummaries.csproj", "{EEC0CCA8-4F9F-4DA6-BC1D-1B4084819E88}"
EndProject
Global
	GlobalSection(SolutionConfigurationPlatforms) = preSolution
		Debug|Any CPU = Debug|Any CPU
		Release|Any CPU = Release|Any CPU
	EndGlobalSection
	GlobalSection(ProjectConfigurationPlatforms) = postSolution
		{EEC0CCA8-4F9F-4DA6-BC1D-1B4084819E88}.Debug|Any CPU.ActiveCfg = Debug|Any CPU
		{EEC0CCA8-4F9F-4DA6-BC1D-1B4084819E88}.Debug|Any CPU.Build.0 = Debug|Any CPU
		{EEC0CCA8-4F9F-4DA6-BC1D-1B4084819E88}.Release|Any CPU.ActiveCfg = Release|Any CPU
		{EEC0CCA8-4F9F-4DA6-BC1D-1B4084819E88}.Release|Any CPU.Build.0 = Release|Any CPU
	EndGlobalSection
	GlobalSection(SolutionProperties) = preSolution
		HideSolutionNode = FALSE
	EndGlobalSection
	GlobalSection(ExtensibilityGlobals) = postSolution
		SolutionGuid = {ABD90E30-6006-4EDA-ACAC-F123D0AF4A9E}
	EndGlobalSection
EndGlobal
